
Microsoft Visual Studio Solution File, Format Version 12.00
# Visual Studio 15
Project("{FAE04EC0-301F-11D3-BF4B-00C04F79EFBC}") = "Assembly-CSharp", "Assembly-CSharp.csproj", "{6195417E-654F-5C69-4375-A32F97743952}"
EndProject
Project("{FAE04EC0-301F-11D3-BF4B-00C04F79EFBC}") = "Assembly-CSharp-Editor", "Assembly-CSharp-Editor.csproj", "{744DDA56-E76E-F9E7-86EB-3C956CAF6456}"
EndProject
Global
	GlobalSection(SolutionConfigurationPlatforms) = preSolution
		Debug|Any CPU = Debug|Any CPU
		Release|Any CPU = Release|Any CPU
	EndGlobalSection
	GlobalSection(ProjectConfigurationPlatforms) = postSolution
		{6195417E-654F-5C69-4375-A32F97743952}.Debug|Any CPU.ActiveCfg = Debug|Any CPU
		{6195417E-654F-5C69-4375-A32F97743952}.Debug|Any CPU.Build.0 = Debug|Any CPU
		{6195417E-654F-5C69-4375-A32F97743952}.Release|Any CPU.ActiveCfg = Release|Any CPU
		{6195417E-654F-5C69-4375-A32F97743952}.Release|Any CPU.Build.0 = Release|Any CPU
		{744DDA56-E76E-F9E7-86EB-3C956CAF6456}.Debug|Any CPU.ActiveCfg = Debug|Any CPU
		{744DDA56-E76E-F9E7-86EB-3C956CAF6456}.Debug|Any CPU.Build.0 = Debug|Any CPU
		{744DDA56-E76E-F9E7-86EB-3C956CAF6456}.Release|Any CPU.ActiveCfg = Release|Any CPU
		{744DDA56-E76E-F9E7-86EB-3C956CAF6456}.Release|Any CPU.Build.0 = Release|Any CPU
	EndGlobalSection
	GlobalSection(SolutionProperties) = preSolution
		HideSolutionNode = FALSE
	EndGlobalSection
EndGlobal
